
Microsoft Visual Studio Solution File, Format Version 12.00
# Visual Studio Version 16
VisualStudioVersion = 16.0.28803.352
MinimumVisualStudioVersion = 10.0.40219.1
Project("{FAE04EC0-301F-11D3-BF4B-00C04F79EFBC}") = "Printer", "Printer\Printer.csproj", "{72D28DF9-1FFE-4A6F-8722-6500E009B7CB}"
EndProject
Global
	GlobalSection(SolutionConfigurationPlatforms) = preSolution
		Debug|Any CPU = Debug|Any CPU
		Release|Any CPU = Release|Any CPU
	EndGlobalSection
	GlobalSection(ProjectConfigurationPlatforms) = postSolution
		{72D28DF9-1FFE-4A6F-8722-6500E009B7CB}.Debug|Any CPU.ActiveCfg = Debug|Any CPU
		{72D28DF9-1FFE-4A6F-8722-6500E009B7CB}.Debug|Any CPU.Build.0 = Debug|Any CPU
		{72D28DF9-1FFE-4A6F-8722-6500E009B7CB}.Release|Any CPU.ActiveCfg = Release|Any CPU
		{72D28DF9-1FFE-4A6F-8722-6500E009B7CB}.Release|Any CPU.Build.0 = Release|Any CPU
	EndGlobalSection
	GlobalSection(SolutionProperties) = preSolution
		HideSolutionNode = FALSE
	EndGlobalSection
	GlobalSection(ExtensibilityGlobals) = postSolution
		SolutionGuid = {C3AEFDBF-A008-4385-B98C-9D27FD1031F0}
	EndGlobalSection
EndGlobal
